
Microsoft Visual Studio Solution File, Format Version 12.00
# Visual Studio 15
VisualStudioVersion = 15.0.28307.271
MinimumVisualStudioVersion = 10.0.40219.1
Project("{8BC9CEB8-8B4A-11D0-8D11-00A0C91BC942}") = "OpenGL-coursework", "OpenGL-coursework.vcxproj", "{EFC2CBA9-EAA6-44FB-9529-13D4974C3793}"
EndProject
Global
	GlobalSection(SolutionConfigurationPlatforms) = preSolution
		Debug|x64 = Debug|x64
		Debug|x86 = Debug|x86
		Release|x64 = Release|x64
		Release|x86 = Release|x86
	EndGlobalSection
	GlobalSection(ProjectConfigurationPlatforms) = postSolution
		{EFC2CBA9-EAA6-44FB-9529-13D4974C3793}.Debug|x64.ActiveCfg = Debug|x64
		{EFC2CBA9-EAA6-44FB-9529-13D4974C3793}.Debug|x64.Build.0 = Debug|x64
		{EFC2CBA9-EAA6-44FB-9529-13D4974C3793}.Debug|x86.ActiveCfg = Debug|Win32
		{EFC2CBA9-EAA6-44FB-9529-13D4974C3793}.Debug|x86.Build.0 = Debug|Win32
		{EFC2CBA9-EAA6-44FB-9529-13D4974C3793}.Release|x64.ActiveCfg = Release|x64
		{EFC2CBA9-EAA6-44FB-9529-13D4974C3793}.Release|x64.Build.0 = Release|x64
		{EFC2CBA9-EAA6-44FB-9529-13D4974C3793}.Release|x86.ActiveCfg = Release|Win32
		{EFC2CBA9-EAA6-44FB-9529-13D4974C3793}.Release|x86.Build.0 = Release|Win32
	EndGlobalSection
	GlobalSection(SolutionProperties) = preSolution
		HideSolutionNode = FALSE
	EndGlobalSection
	GlobalSection(ExtensibilityGlobals) = postSolution
		SolutionGuid = {5FE769D6-3B1B-4DE1-B287-1D465EA95748}
	EndGlobalSection
EndGlobal
